
Microsoft Visual Studio Solution File, Format Version 12.00
# Visual Studio Version 17
VisualStudioVersion = 17.1.32328.378
MinimumVisualStudioVersion = 10.0.40219.1
Project("{FAE04EC0-301F-11D3-BF4B-00C04F79EFBC}") = "ReactivitiesAPI", "ReactivitiesAPI\ReactivitiesAPI.csproj", "{C833A461-4A0C-47C0-9010-07D811F25FE1}"
EndProject
Project("{FAE04EC0-301F-11D3-BF4B-00C04F79EFBC}") = "ReactivitiesDomain", "ReactivitiesDomain\ReactivitiesDomain.csproj", "{4BF27827-AF89-4DB8-BE6B-9D539F7EC65F}"
EndProject
Project("{FAE04EC0-301F-11D3-BF4B-00C04F79EFBC}") = "ReactivitiesPersistence", "ReactivitiesPersistence\ReactivitiesPersistence.csproj", "{81EBA4FF-86AA-4082-9B37-20483F8BC6C5}"
EndProject
Global
	GlobalSection(SolutionConfigurationPlatforms) = preSolution
		Debug|Any CPU = Debug|Any CPU
		Release|Any CPU = Release|Any CPU
	EndGlobalSection
	GlobalSection(ProjectConfigurationPlatforms) = postSolution
		{C833A461-4A0C-47C0-9010-07D811F25FE1}.Debug|Any CPU.ActiveCfg = Debug|Any CPU
		{C833A461-4A0C-47C0-9010-07D811F25FE1}.Debug|Any CPU.Build.0 = Debug|Any CPU
		{C833A461-4A0C-47C0-9010-07D811F25FE1}.Release|Any CPU.ActiveCfg = Release|Any CPU
		{C833A461-4A0C-47C0-9010-07D811F25FE1}.Release|Any CPU.Build.0 = Release|Any CPU
		{4BF27827-AF89-4DB8-BE6B-9D539F7EC65F}.Debug|Any CPU.ActiveCfg = Debug|Any CPU
		{4BF27827-AF89-4DB8-BE6B-9D539F7EC65F}.Debug|Any CPU.Build.0 = Debug|Any CPU
		{4BF27827-AF89-4DB8-BE6B-9D539F7EC65F}.Release|Any CPU.ActiveCfg = Release|Any CPU
		{4BF27827-AF89-4DB8-BE6B-9D539F7EC65F}.Release|Any CPU.Build.0 = Release|Any CPU
		{81EBA4FF-86AA-4082-9B37-20483F8BC6C5}.Debug|Any CPU.ActiveCfg = Debug|Any CPU
		{81EBA4FF-86AA-4082-9B37-20483F8BC6C5}.Debug|Any CPU.Build.0 = Debug|Any CPU
		{81EBA4FF-86AA-4082-9B37-20483F8BC6C5}.Release|Any CPU.ActiveCfg = Release|Any CPU
		{81EBA4FF-86AA-4082-9B37-20483F8BC6C5}.Release|Any CPU.Build.0 = Release|Any CPU
	EndGlobalSection
	GlobalSection(SolutionProperties) = preSolution
		HideSolutionNode = FALSE
	EndGlobalSection
	GlobalSection(ExtensibilityGlobals) = postSolution
		SolutionGuid = {A57B50ED-C2C6-475E-A708-A4D485495731}
	EndGlobalSection
EndGlobal
